// !$*UTF8*$!
{
	archiveVersion = 1;
	classes = {
	};
	objectVersion = 46;
	objects = {

/* Begin PBXBuildFile section */
		1F57174A1CC4E2BD00D7D0D3 /* AppDelegate.swift in Sources */ = {isa = PBXBuildFile; fileRef = 1F5717491CC4E2BD00D7D0D3 /* AppDelegate.swift */; };
		1F57174C1CC4E2BD00D7D0D3 /* ViewController.swift in Sources */ = {isa = PBXBuildFile; fileRef = 1F57174B1CC4E2BD00D7D0D3 /* ViewController.swift */; };
		1F57174F1CC4E2BD00D7D0D3 /* Main.storyboard in Resources */ = {isa = PBXBuildFile; fileRef = 1F57174D1CC4E2BD00D7D0D3 /* Main.storyboard */; };
		1F5717511CC4E2BD00D7D0D3 /* Assets.xcassets in Resources */ = {isa = PBXBuildFile; fileRef = 1F5717501CC4E2BD00D7D0D3 /* Assets.xcassets */; };
		1F5717541CC4E2BD00D7D0D3 /* LaunchScreen.storyboard in Resources */ = {isa = PBXBuildFile; fileRef = 1F5717521CC4E2BD00D7D0D3 /* LaunchScreen.storyboard */; };
		1F57175D1CC4E72700D7D0D3 /* dummy_view@2x.PNG in Resources */ = {isa = PBXBuildFile; fileRef = 1F57175B1CC4E72700D7D0D3 /* dummy_view@2x.PNG */; };
		1F57175E1CC4E72700D7D0D3 /* slack_for_ios_upload.png in Resources */ = {isa = PBXBuildFile; fileRef = 1F57175C1CC4E72700D7D0D3 /* slack_for_ios_upload.png */; };
		1F5717601CC4E73A00D7D0D3 /* twitterIcon.png in Resources */ = {isa = PBXBuildFile; fileRef = 1F57175F1CC4E73A00D7D0D3 /* twitterIcon.png */; };
/* End PBXBuildFile section */

/* Begin PBXFileReference section */
		1F5717461CC4E2BD00D7D0D3 /* 36Day.app */ = {isa = PBXFileReference; explicitFileType = wrapper.application; includeInIndex = 0; path = 36Day.app; sourceTree = BUILT_PRODUCTS_DIR; };
		1F5717491CC4E2BD00D7D0D3 /* AppDelegate.swift */ = {isa = PBXFileReference; lastKnownFileType = sourcecode.swift; path = AppDelegate.swift; sourceTree = "<group>"; };
		1F57174B1CC4E2BD00D7D0D3 /* ViewController.swift */ = {isa = PBXFileReference; lastKnownFileType = sourcecode.swift; path = ViewController.swift; sourceTree = "<group>"; };
		1F57174E1CC4E2BD00D7D0D3 /* Base */ = {isa = PBXFileReference; lastKnownFileType = file.storyboard; name = Base; path = Base.lproj/Main.storyboard; sourceTree = "<group>"; };
		1F5717501CC4E2BD00D7D0D3 /* Assets.xcassets */ = {isa = PBXFileReference; lastKnownFileType = folder.assetcatalog; path = Assets.xcassets; sourceTree = "<group>"; };
		1F5717531CC4E2BD00D7D0D3 /* Base */ = {isa = PBXFileReference; lastKnownFileType = file.storyboard; name = Base; path = Base.lproj/LaunchScreen.storyboard; sourceTree = "<group>"; };
		1F5717551CC4E2BD00D7D0D3 /* Info.plist */ = {isa = PBXFileReference; lastKnownFileType = text.plist.xml; path = Info.plist; sourceTree = "<group>"; };
		1F57175B1CC4E72700D7D0D3 /* dummy_view@2x.PNG */ = {isa = PBXFileReference; lastKnownFileType = image.png; path = "dummy_view@2x.PNG"; sourceTree = "<group>"; };
		1F57175C1CC4E72700D7D0D3 /* slack_for_ios_upload.png */ = {isa = PBXFileReference; lastKnownFileType = image.png; path = slack_for_ios_upload.png; sourceTree = "<group>"; };
		1F57175F1CC4E73A00D7D0D3 /* twitterIcon.png */ = {isa = PBXFileReference; lastKnownFileType = image.png; path = twitterIcon.png; sourceTree = "<group>"; };
/* End PBXFileReference section */

/* Begin PBXFrameworksBuildPhase section */
		1F5717431CC4E2BD00D7D0D3 /* Frameworks */ = {
			isa = PBXFrameworksBuildPhase;
			buildActionMask = 2147483647;
			files = (
			);
			runOnlyForDeploymentPostprocessing = 0;
		};
/* End PBXFrameworksBuildPhase section */

/* Begin PBXGroup section */
		1F57173D1CC4E2BD00D7D0D3 = {
			isa = PBXGroup;
			children = (
				1F5717481CC4E2BD00D7D0D3 /* 36Day */,
				1F5717471CC4E2BD00D7D0D3 /* Products */,
			);
			sourceTree = "<group>";
		};
		1F5717471CC4E2BD00D7D0D3 /* Products */ = {
			isa = PBXGroup;
			children = (
				1F5717461CC4E2BD00D7D0D3 /* 36Day.app */,
			);
			name = Products;
			sourceTree = "<group>";
		};
		1F5717481CC4E2BD00D7D0D3 /* 36Day */ = {
			isa = PBXGroup;
			children = (
				1F5717491CC4E2BD00D7D0D3 /* AppDelegate.swift */,
				1F57174B1CC4E2BD00D7D0D3 /* ViewController.swift */,
				1F57174D1CC4E2BD00D7D0D3 /* Main.storyboard */,
				1F57175B1CC4E72700D7D0D3 /* dummy_view@2x.PNG */,
				1F57175C1CC4E72700D7D0D3 /* slack_for_ios_upload.png */,
				1F57175F1CC4E73A00D7D0D3 /* twitterIcon.png */,
				1F5717501CC4E2BD00D7D0D3 /* Assets.xcassets */,
				1F5717521CC4E2BD00D7D0D3 /* LaunchScreen.storyboard */,
				1F5717551CC4E2BD00D7D0D3 /* Info.plist */,
			);
			path = 36Day;
			sourceTree = "<group>";
		};
/* End PBXGroup section */

/* Begin PBXNativeTarget section */
		1F5717451CC4E2BD00D7D0D3 /* 36Day */ = {
			isa = PBXNativeTarget;
			buildConfigurationList = 1F5717581CC4E2BD00D7D0D3 /* Build configuration list for PBXNativeTarget "36Day" */;
			buildPhases = (
				1F5717421CC4E2BD00D7D0D3 /* Sources */,
				1F5717431CC4E2BD00D7D0D3 /* Frameworks */,
				1F5717441CC4E2BD00D7D0D3 /* Resources */,
			);
			buildRules = (
			);
			dependencies = (
			);
			name = 36Day;
			productName = 36Day;
			productReference = 1F5717461CC4E2BD00D7D0D3 /* 36Day.app */;
			productType = "com.apple.product-type.application";
		};
/* End PBXNativeTarget section */

/* Begin PBXProject section */
		1F57173E1CC4E2BD00D7D0D3 /* Project object */ = {
			isa = PBXProject;
			attributes = {
				LastSwiftUpdateCheck = 0730;
				LastUpgradeCheck = 0730;
				ORGANIZATIONNAME = Nododo;
				TargetAttributes = {
					1F5717451CC4E2BD00D7D0D3 = {
						CreatedOnToolsVersion = 7.3;
					};
				};
			};
			buildConfigurationList = 1F5717411CC4E2BD00D7D0D3 /* Build configuration list for PBXProject "36Day" */;
			compatibilityVersion = "Xcode 3.2";
			developmentRegion = English;
			hasScannedForEncodings = 0;
			knownRegions = (
				en,
				Base,
			);
			mainGroup = 1F57173D1CC4E2BD00D7D0D3;
			productRefGroup = 1F5717471CC4E2BD00D7D0D3 /* Products */;
			projectDirPath = "";
			projectRoot = "";
			targets = (
				1F5717451CC4E2BD00D7D0D3 /* 36Day */,
			);
		};
/* End PBXProject section */

/* Begin PBXResourcesBuildPhase section */
		1F5717441CC4E2BD00D7D0D3 /* Resources */ = {
			isa = PBXResourcesBuildPhase;
			buildActionMask = 2147483647;
			files = (
				1F57175E1CC4E72700D7D0D3 /* slack_for_ios_upload.png in Resources */,
				1F57175D1CC4E72700D7D0D3 /* dummy_view@2x.PNG in Resources */,
				1F5717601CC4E73A00D7D0D3 /* twitterIcon.png in Resources */,
				1F5717541CC4E2BD00D7D0D3 /* LaunchScreen.storyboard in Resources */,
				1F5717511CC4E2BD00D7D0D3 /* Assets.xcassets in Resources */,
				1F57174F1CC4E2BD00D7D0D3 /* Main.storyboard in Resources */,
			);
			runOnlyForDeploymentPostprocessing = 0;
		};
/* End PBXResourcesBuildPhase section */

/* Begin PBXSourcesBuildPhase section */
		1F5717421CC4E2BD00D7D0D3 /* Sources */ = {
			isa = PBXSourcesBuildPhase;
			buildActionMask = 2147483647;
			files = (
				1F57174C1CC4E2BD00D7D0D3 /* ViewController.swift in Sources */,
				1F57174A1CC4E2BD00D7D0D3 /* AppDelegate.swift in Sources */,
			);
			runOnlyForDeploymentPostprocessing = 0;
		};
/* End PBXSourcesBuildPhase section */

/* Begin PBXVariantGroup section */
		1F57174D1CC4E2BD00D7D0D3 /* Main.storyboard */ = {
			isa = PBXVariantGroup;
			children = (
				1F57174E1CC4E2BD00D7D0D3 /* Base */,
			);
			name = Main.storyboard;
			sourceTree = "<group>";
		};
		1F5717521CC4E2BD00D7D0D3 /* LaunchScreen.storyboard */ = {
			isa = PBXVariantGroup;
			children = (
				1F5717531CC4E2BD00D7D0D3 /* Base */,
			);
			name = LaunchScreen.storyboard;
			sourceTree = "<group>";
		};
/* End PBXVariantGroup section */

/* Begin XCBuildConfiguration section */
		1F5717561CC4E2BD00D7D0D3 /* Debug */ = {
			isa = XCBuildConfiguration;
			buildSettings = {
				ALWAYS_SEARCH_USER_PATHS = NO;
				CLANG_ANALYZER_NONNULL = YES;
				CLANG_CXX_LANGUAGE_STANDARD = "gnu++0x";
				CLANG_CXX_LIBRARY = "libc++";
				CLANG_ENABLE_MODULES = YES;
				CLANG_ENABLE_OBJC_ARC = YES;
				CLANG_WARN_BOOL_CONVERSION = YES;
				CLANG_WARN_CONSTANT_CONVERSION = YES;
				CLANG_WARN_DIRECT_OBJC_ISA_USAGE = YES_ERROR;
				CLANG_WARN_EMPTY_BODY = YES;
				CLANG_WARN_ENUM_CONVERSION = YES;
				CLANG_WARN_INT_CONVERSION = YES;
				CLANG_WARN_OBJC_ROOT_CLASS = YES_ERROR;
				CLANG_WARN_UNREACHABLE_CODE = YES;
				CLANG_WARN__DUPLICATE_METHOD_MATCH = YES;
				"CODE_SIGN_IDENTITY[sdk=iphoneos*]" = "iPhone Developer";
				COPY_PHASE_STRIP = NO;
				DEBUG_INFORMATION_FORMAT = dwarf;
				ENABLE_STRICT_OBJC_MSGSEND = YES;
				ENABLE_TESTABILITY = YES;
				GCC_C_LANGUAGE_STANDARD = gnu99;
				GCC_DYNAMIC_NO_PIC = NO;
				GCC_NO_COMMON_BLOCKS = YES;
				GCC_OPTIMIZATION_LEVEL = 0;
				GCC_PREPROCESSOR_DEFINITIONS = (
					"DEBUG=1",
					"$(inherited)",
				);
				GCC_WARN_64_TO_32_BIT_CONVERSION = YES;
				GCC_WARN_ABOUT_RETURN_TYPE = YES_ERROR;
				GCC_WARN_UNDECLARED_SELECTOR = YES;
				GCC_WARN_UNINITIALIZED_AUTOS = YES_AGGRESSIVE;
				GCC_WARN_UNUSED_FUNCTION = YES;
				GCC_WARN_UNUSED_VARIABLE = YES;
				IPHONEOS_DEPLOYMENT_TARGET = 9.3;
				MTL_ENABLE_DEBUG_INFO = YES;
				ONLY_ACTIVE_ARCH = YES;
				SDKROOT = iphoneos;
				SWIFT_OPTIMIZATION_LEVEL = "-Onone";
			};
			name = Debug;
		};
		1F5717571CC4E2BD00D7D0D3 /* Release */ = {
			isa = XCBuildConfiguration;
			buildSettings = {
				ALWAYS_SEARCH_USER_PATHS = NO;
				CLANG_ANALYZER_NONNULL = YES;
				CLANG_CXX_LANGUAGE_STANDARD = "gnu++0x";
				CLANG_CXX_LIBRARY = "libc++";
				CLANG_ENABLE_MODULES = YES;
				CLANG_ENABLE_OBJC_ARC = YES;
				CLANG_WARN_BOOL_CONVERSION = YES;
				CLANG_WARN_CONSTANT_CONVERSION = YES;
				CLANG_WARN_DIRECT_OBJC_ISA_USAGE = YES_ERROR;
				CLANG_WARN_EMPTY_BODY = YES;
				CLANG_WARN_ENUM_CONVERSION = YES;
				CLANG_WARN_INT_CONVERSION = YES;
				CLANG_WARN_OBJC_ROOT_CLASS = YES_ERROR;
				CLANG_WARN_UNREACHABLE_CODE = YES;
				CLANG_WARN__DUPLICATE_METHOD_MATCH = YES;
				"CODE_SIGN_IDENTITY[sdk=iphoneos*]" = "iPhone Developer";
				COPY_PHASE_STRIP = NO;
				DEBUG_INFORMATION_FORMAT = "dwarf-with-dsym";
				ENABLE_NS_ASSERTIONS = NO;
				ENABLE_STRICT_OBJC_MSGSEND = YES;
				GCC_C_LANGUAGE_STANDARD = gnu99;
				GCC_NO_COMMON_BLOCKS = YES;
				GCC_WARN_64_TO_32_BIT_CONVERSION = YES;
				GCC_WARN_ABOUT_RETURN_TYPE = YES_ERROR;
				GCC_WARN_UNDECLARED_SELECTOR = YES;
				GCC_WARN_UNINITIALIZED_AUTOS = YES_AGGRESSIVE;
				GCC_WARN_UNUSED_FUNCTION = YES;
				GCC_WARN_UNUSED_VARIABLE = YES;
				IPHONEOS_DEPLOYMENT_TARGET = 9.3;
				MTL_ENABLE_DEBUG_INFO = NO;
				SDKROOT = iphoneos;
				VALIDATE_PRODUCT = YES;
			};
			name = Release;
		};
		1F5717591CC4E2BD00D7D0D3 /* Debug */ = {
			isa = XCBuildConfiguration;
			buildSettings = {
				ASSETCATALOG_COMPILER_APPICON_NAME = AppIcon;
				INFOPLIST_FILE = 36Day/Info.plist;
				LD_RUNPATH_SEARCH_PATHS = "$(inherited) @executable_path/Frameworks";
				PRODUCT_BUNDLE_IDENTIFIER = "com.VALVE.www.-6Day";
				PRODUCT_NAME = "$(TARGET_NAME)";
			};
			name = Debug;
		};
		1F57175A1CC4E2BD00D7D0D3 /* Release */ = {
			isa = XCBuildConfiguration;
			buildSettings = {
				ASSETCATALOG_COMPILER_APPICON_NAME = AppIcon;
				INFOPLIST_FILE = 36Day/Info.plist;
				LD_RUNPATH_SEARCH_PATHS = "$(inherited) @executable_path/Frameworks";
				PRODUCT_BUNDLE_IDENTIFIER = "com.VALVE.www.-6Day";
				PRODUCT_NAME = "$(TARGET_NAME)";
			};
			name = Release;
		};
/* End XCBuildConfiguration section */

/* Begin XCConfigurationList section */
		1F5717411CC4E2BD00D7D0D3 /* Build configuration list for PBXProject "36Day" */ = {
			isa = XCConfigurationList;
			buildConfigurations = (
				1F5717561CC4E2BD00D7D0D3 /* Debug */,
				1F5717571CC4E2BD00D7D0D3 /* Release */,
			);
			defaultConfigurationIsVisible = 0;
			defaultConfigurationName = Release;
		};
		1F5717581CC4E2BD00D7D0D3 /* Build configuration list for PBXNativeTarget "36Day" */ = {
			isa = XCConfigurationList;
			buildConfigurations = (
				1F5717591CC4E2BD00D7D0D3 /* Debug */,
				1F57175A1CC4E2BD00D7D0D3 /* Release */,
			);
			defaultConfigurationIsVisible = 0;
		};
/* End XCConfigurationList section */
	};
	rootObject = 1F57173E1CC4E2BD00D7D0D3 /* Project object */;
}
