// !$*UTF8*$!
{
	archiveVersion = 1;
	classes = {
	};
	objectVersion = 46;
	objects = {

/* Begin PBXBuildFile section */
		1F1164151C58591E00215A54 /* AppDelegate.swift in Sources */ = {isa = PBXBuildFile; fileRef = 1F1164141C58591E00215A54 /* AppDelegate.swift */; };
		1F1164171C58591E00215A54 /* ViewController.swift in Sources */ = {isa = PBXBuildFile; fileRef = 1F1164161C58591E00215A54 /* ViewController.swift */; };
		1F11641A1C58591E00215A54 /* Main.storyboard in Resources */ = {isa = PBXBuildFile; fileRef = 1F1164181C58591E00215A54 /* Main.storyboard */; };
		1F11641C1C58591E00215A54 /* Assets.xcassets in Resources */ = {isa = PBXBuildFile; fileRef = 1F11641B1C58591E00215A54 /* Assets.xcassets */; };
		1F11641F1C58591E00215A54 /* LaunchScreen.storyboard in Resources */ = {isa = PBXBuildFile; fileRef = 1F11641D1C58591E00215A54 /* LaunchScreen.storyboard */; };
		1F11642A1C58591E00215A54 /* _DayTests.swift in Sources */ = {isa = PBXBuildFile; fileRef = 1F1164291C58591E00215A54 /* _DayTests.swift */; };
		1F1164351C58591E00215A54 /* _DayUITests.swift in Sources */ = {isa = PBXBuildFile; fileRef = 1F1164341C58591E00215A54 /* _DayUITests.swift */; };
/* End PBXBuildFile section */

/* Begin PBXContainerItemProxy section */
		1F1164261C58591E00215A54 /* PBXContainerItemProxy */ = {
			isa = PBXContainerItemProxy;
			containerPortal = 1F1164091C58591E00215A54 /* Project object */;
			proxyType = 1;
			remoteGlobalIDString = 1F1164101C58591E00215A54;
			remoteInfo = 5Day;
		};
		1F1164311C58591E00215A54 /* PBXContainerItemProxy */ = {
			isa = PBXContainerItemProxy;
			containerPortal = 1F1164091C58591E00215A54 /* Project object */;
			proxyType = 1;
			remoteGlobalIDString = 1F1164101C58591E00215A54;
			remoteInfo = 5Day;
		};
/* End PBXContainerItemProxy section */

/* Begin PBXFileReference section */
		1F1164111C58591E00215A54 /* 5Day.app */ = {isa = PBXFileReference; explicitFileType = wrapper.application; includeInIndex = 0; path = 5Day.app; sourceTree = BUILT_PRODUCTS_DIR; };
		1F1164141C58591E00215A54 /* AppDelegate.swift */ = {isa = PBXFileReference; lastKnownFileType = sourcecode.swift; path = AppDelegate.swift; sourceTree = "<group>"; };
		1F1164161C58591E00215A54 /* ViewController.swift */ = {isa = PBXFileReference; lastKnownFileType = sourcecode.swift; path = ViewController.swift; sourceTree = "<group>"; };
		1F1164191C58591E00215A54 /* Base */ = {isa = PBXFileReference; lastKnownFileType = file.storyboard; name = Base; path = Base.lproj/Main.storyboard; sourceTree = "<group>"; };
		1F11641B1C58591E00215A54 /* Assets.xcassets */ = {isa = PBXFileReference; lastKnownFileType = folder.assetcatalog; path = Assets.xcassets; sourceTree = "<group>"; };
		1F11641E1C58591E00215A54 /* Base */ = {isa = PBXFileReference; lastKnownFileType = file.storyboard; name = Base; path = Base.lproj/LaunchScreen.storyboard; sourceTree = "<group>"; };
		1F1164201C58591E00215A54 /* Info.plist */ = {isa = PBXFileReference; lastKnownFileType = text.plist.xml; path = Info.plist; sourceTree = "<group>"; };
		1F1164251C58591E00215A54 /* 5DayTests.xctest */ = {isa = PBXFileReference; explicitFileType = wrapper.cfbundle; includeInIndex = 0; path = 5DayTests.xctest; sourceTree = BUILT_PRODUCTS_DIR; };
		1F1164291C58591E00215A54 /* _DayTests.swift */ = {isa = PBXFileReference; lastKnownFileType = sourcecode.swift; path = _DayTests.swift; sourceTree = "<group>"; };
		1F11642B1C58591E00215A54 /* Info.plist */ = {isa = PBXFileReference; lastKnownFileType = text.plist.xml; path = Info.plist; sourceTree = "<group>"; };
		1F1164301C58591E00215A54 /* 5DayUITests.xctest */ = {isa = PBXFileReference; explicitFileType = wrapper.cfbundle; includeInIndex = 0; path = 5DayUITests.xctest; sourceTree = BUILT_PRODUCTS_DIR; };
		1F1164341C58591E00215A54 /* _DayUITests.swift */ = {isa = PBXFileReference; lastKnownFileType = sourcecode.swift; path = _DayUITests.swift; sourceTree = "<group>"; };
		1F1164361C58591E00215A54 /* Info.plist */ = {isa = PBXFileReference; lastKnownFileType = text.plist.xml; path = Info.plist; sourceTree = "<group>"; };
/* End PBXFileReference section */

/* Begin PBXFrameworksBuildPhase section */
		1F11640E1C58591E00215A54 /* Frameworks */ = {
			isa = PBXFrameworksBuildPhase;
			buildActionMask = 2147483647;
			files = (
			);
			runOnlyForDeploymentPostprocessing = 0;
		};
		1F1164221C58591E00215A54 /* Frameworks */ = {
			isa = PBXFrameworksBuildPhase;
			buildActionMask = 2147483647;
			files = (
			);
			runOnlyForDeploymentPostprocessing = 0;
		};
		1F11642D1C58591E00215A54 /* Frameworks */ = {
			isa = PBXFrameworksBuildPhase;
			buildActionMask = 2147483647;
			files = (
			);
			runOnlyForDeploymentPostprocessing = 0;
		};
/* End PBXFrameworksBuildPhase section */

/* Begin PBXGroup section */
		1F1164081C58591E00215A54 = {
			isa = PBXGroup;
			children = (
				1F1164131C58591E00215A54 /* 5Day */,
				1F1164281C58591E00215A54 /* 5DayTests */,
				1F1164331C58591E00215A54 /* 5DayUITests */,
				1F1164121C58591E00215A54 /* Products */,
			);
			sourceTree = "<group>";
		};
		1F1164121C58591E00215A54 /* Products */ = {
			isa = PBXGroup;
			children = (
				1F1164111C58591E00215A54 /* 5Day.app */,
				1F1164251C58591E00215A54 /* 5DayTests.xctest */,
				1F1164301C58591E00215A54 /* 5DayUITests.xctest */,
			);
			name = Products;
			sourceTree = "<group>";
		};
		1F1164131C58591E00215A54 /* 5Day */ = {
			isa = PBXGroup;
			children = (
				1F1164141C58591E00215A54 /* AppDelegate.swift */,
				1F1164161C58591E00215A54 /* ViewController.swift */,
				1F1164181C58591E00215A54 /* Main.storyboard */,
				1F11641B1C58591E00215A54 /* Assets.xcassets */,
				1F11641D1C58591E00215A54 /* LaunchScreen.storyboard */,
				1F1164201C58591E00215A54 /* Info.plist */,
			);
			path = 5Day;
			sourceTree = "<group>";
		};
		1F1164281C58591E00215A54 /* 5DayTests */ = {
			isa = PBXGroup;
			children = (
				1F1164291C58591E00215A54 /* _DayTests.swift */,
				1F11642B1C58591E00215A54 /* Info.plist */,
			);
			path = 5DayTests;
			sourceTree = "<group>";
		};
		1F1164331C58591E00215A54 /* 5DayUITests */ = {
			isa = PBXGroup;
			children = (
				1F1164341C58591E00215A54 /* _DayUITests.swift */,
				1F1164361C58591E00215A54 /* Info.plist */,
			);
			path = 5DayUITests;
			sourceTree = "<group>";
		};
/* End PBXGroup section */

/* Begin PBXNativeTarget section */
		1F1164101C58591E00215A54 /* 5Day */ = {
			isa = PBXNativeTarget;
			buildConfigurationList = 1F1164391C58591E00215A54 /* Build configuration list for PBXNativeTarget "5Day" */;
			buildPhases = (
				1F11640D1C58591E00215A54 /* Sources */,
				1F11640E1C58591E00215A54 /* Frameworks */,
				1F11640F1C58591E00215A54 /* Resources */,
			);
			buildRules = (
			);
			dependencies = (
			);
			name = 5Day;
			productName = 5Day;
			productReference = 1F1164111C58591E00215A54 /* 5Day.app */;
			productType = "com.apple.product-type.application";
		};
		1F1164241C58591E00215A54 /* 5DayTests */ = {
			isa = PBXNativeTarget;
			buildConfigurationList = 1F11643C1C58591E00215A54 /* Build configuration list for PBXNativeTarget "5DayTests" */;
			buildPhases = (
				1F1164211C58591E00215A54 /* Sources */,
				1F1164221C58591E00215A54 /* Frameworks */,
				1F1164231C58591E00215A54 /* Resources */,
			);
			buildRules = (
			);
			dependencies = (
				1F1164271C58591E00215A54 /* PBXTargetDependency */,
			);
			name = 5DayTests;
			productName = 5DayTests;
			productReference = 1F1164251C58591E00215A54 /* 5DayTests.xctest */;
			productType = "com.apple.product-type.bundle.unit-test";
		};
		1F11642F1C58591E00215A54 /* 5DayUITests */ = {
			isa = PBXNativeTarget;
			buildConfigurationList = 1F11643F1C58591E00215A54 /* Build configuration list for PBXNativeTarget "5DayUITests" */;
			buildPhases = (
				1F11642C1C58591E00215A54 /* Sources */,
				1F11642D1C58591E00215A54 /* Frameworks */,
				1F11642E1C58591E00215A54 /* Resources */,
			);
			buildRules = (
			);
			dependencies = (
				1F1164321C58591E00215A54 /* PBXTargetDependency */,
			);
			name = 5DayUITests;
			productName = 5DayUITests;
			productReference = 1F1164301C58591E00215A54 /* 5DayUITests.xctest */;
			productType = "com.apple.product-type.bundle.ui-testing";
		};
/* End PBXNativeTarget section */

/* Begin PBXProject section */
		1F1164091C58591E00215A54 /* Project object */ = {
			isa = PBXProject;
			attributes = {
				LastSwiftUpdateCheck = 0710;
				LastUpgradeCheck = 0710;
				ORGANIZATIONNAME = Nododo;
				TargetAttributes = {
					1F1164101C58591E00215A54 = {
						CreatedOnToolsVersion = 7.1;
					};
					1F1164241C58591E00215A54 = {
						CreatedOnToolsVersion = 7.1;
						TestTargetID = 1F1164101C58591E00215A54;
					};
					1F11642F1C58591E00215A54 = {
						CreatedOnToolsVersion = 7.1;
						TestTargetID = 1F1164101C58591E00215A54;
					};
				};
			};
			buildConfigurationList = 1F11640C1C58591E00215A54 /* Build configuration list for PBXProject "5Day" */;
			compatibilityVersion = "Xcode 3.2";
			developmentRegion = English;
			hasScannedForEncodings = 0;
			knownRegions = (
				en,
				Base,
			);
			mainGroup = 1F1164081C58591E00215A54;
			productRefGroup = 1F1164121C58591E00215A54 /* Products */;
			projectDirPath = "";
			projectRoot = "";
			targets = (
				1F1164101C58591E00215A54 /* 5Day */,
				1F1164241C58591E00215A54 /* 5DayTests */,
				1F11642F1C58591E00215A54 /* 5DayUITests */,
			);
		};
/* End PBXProject section */

/* Begin PBXResourcesBuildPhase section */
		1F11640F1C58591E00215A54 /* Resources */ = {
			isa = PBXResourcesBuildPhase;
			buildActionMask = 2147483647;
			files = (
				1F11641F1C58591E00215A54 /* LaunchScreen.storyboard in Resources */,
				1F11641C1C58591E00215A54 /* Assets.xcassets in Resources */,
				1F11641A1C58591E00215A54 /* Main.storyboard in Resources */,
			);
			runOnlyForDeploymentPostprocessing = 0;
		};
		1F1164231C58591E00215A54 /* Resources */ = {
			isa = PBXResourcesBuildPhase;
			buildActionMask = 2147483647;
			files = (
			);
			runOnlyForDeploymentPostprocessing = 0;
		};
		1F11642E1C58591E00215A54 /* Resources */ = {
			isa = PBXResourcesBuildPhase;
			buildActionMask = 2147483647;
			files = (
			);
			runOnlyForDeploymentPostprocessing = 0;
		};
/* End PBXResourcesBuildPhase section */

/* Begin PBXSourcesBuildPhase section */
		1F11640D1C58591E00215A54 /* Sources */ = {
			isa = PBXSourcesBuildPhase;
			buildActionMask = 2147483647;
			files = (
				1F1164171C58591E00215A54 /* ViewController.swift in Sources */,
				1F1164151C58591E00215A54 /* AppDelegate.swift in Sources */,
			);
			runOnlyForDeploymentPostprocessing = 0;
		};
		1F1164211C58591E00215A54 /* Sources */ = {
			isa = PBXSourcesBuildPhase;
			buildActionMask = 2147483647;
			files = (
				1F11642A1C58591E00215A54 /* _DayTests.swift in Sources */,
			);
			runOnlyForDeploymentPostprocessing = 0;
		};
		1F11642C1C58591E00215A54 /* Sources */ = {
			isa = PBXSourcesBuildPhase;
			buildActionMask = 2147483647;
			files = (
				1F1164351C58591E00215A54 /* _DayUITests.swift in Sources */,
			);
			runOnlyForDeploymentPostprocessing = 0;
		};
/* End PBXSourcesBuildPhase section */

/* Begin PBXTargetDependency section */
		1F1164271C58591E00215A54 /* PBXTargetDependency */ = {
			isa = PBXTargetDependency;
			target = 1F1164101C58591E00215A54 /* 5Day */;
			targetProxy = 1F1164261C58591E00215A54 /* PBXContainerItemProxy */;
		};
		1F1164321C58591E00215A54 /* PBXTargetDependency */ = {
			isa = PBXTargetDependency;
			target = 1F1164101C58591E00215A54 /* 5Day */;
			targetProxy = 1F1164311C58591E00215A54 /* PBXContainerItemProxy */;
		};
/* End PBXTargetDependency section */

/* Begin PBXVariantGroup section */
		1F1164181C58591E00215A54 /* Main.storyboard */ = {
			isa = PBXVariantGroup;
			children = (
				1F1164191C58591E00215A54 /* Base */,
			);
			name = Main.storyboard;
			sourceTree = "<group>";
		};
		1F11641D1C58591E00215A54 /* LaunchScreen.storyboard */ = {
			isa = PBXVariantGroup;
			children = (
				1F11641E1C58591E00215A54 /* Base */,
			);
			name = LaunchScreen.storyboard;
			sourceTree = "<group>";
		};
/* End PBXVariantGroup section */

/* Begin XCBuildConfiguration section */
		1F1164371C58591E00215A54 /* Debug */ = {
			isa = XCBuildConfiguration;
			buildSettings = {
				ALWAYS_SEARCH_USER_PATHS = NO;
				CLANG_CXX_LANGUAGE_STANDARD = "gnu++0x";
				CLANG_CXX_LIBRARY = "libc++";
				CLANG_ENABLE_MODULES = YES;
				CLANG_ENABLE_OBJC_ARC = YES;
				CLANG_WARN_BOOL_CONVERSION = YES;
				CLANG_WARN_CONSTANT_CONVERSION = YES;
				CLANG_WARN_DIRECT_OBJC_ISA_USAGE = YES_ERROR;
				CLANG_WARN_EMPTY_BODY = YES;
				CLANG_WARN_ENUM_CONVERSION = YES;
				CLANG_WARN_INT_CONVERSION = YES;
				CLANG_WARN_OBJC_ROOT_CLASS = YES_ERROR;
				CLANG_WARN_UNREACHABLE_CODE = YES;
				CLANG_WARN__DUPLICATE_METHOD_MATCH = YES;
				"CODE_SIGN_IDENTITY[sdk=iphoneos*]" = "iPhone Developer";
				COPY_PHASE_STRIP = NO;
				DEBUG_INFORMATION_FORMAT = dwarf;
				ENABLE_STRICT_OBJC_MSGSEND = YES;
				ENABLE_TESTABILITY = YES;
				GCC_C_LANGUAGE_STANDARD = gnu99;
				GCC_DYNAMIC_NO_PIC = NO;
				GCC_NO_COMMON_BLOCKS = YES;
				GCC_OPTIMIZATION_LEVEL = 0;
				GCC_PREPROCESSOR_DEFINITIONS = (
					"DEBUG=1",
					"$(inherited)",
				);
				GCC_WARN_64_TO_32_BIT_CONVERSION = YES;
				GCC_WARN_ABOUT_RETURN_TYPE = YES_ERROR;
				GCC_WARN_UNDECLARED_SELECTOR = YES;
				GCC_WARN_UNINITIALIZED_AUTOS = YES_AGGRESSIVE;
				GCC_WARN_UNUSED_FUNCTION = YES;
				GCC_WARN_UNUSED_VARIABLE = YES;
				IPHONEOS_DEPLOYMENT_TARGET = 9.1;
				MTL_ENABLE_DEBUG_INFO = YES;
				ONLY_ACTIVE_ARCH = YES;
				SDKROOT = iphoneos;
				SWIFT_OPTIMIZATION_LEVEL = "-Onone";
			};
			name = Debug;
		};
		1F1164381C58591E00215A54 /* Release */ = {
			isa = XCBuildConfiguration;
			buildSettings = {
				ALWAYS_SEARCH_USER_PATHS = NO;
				CLANG_CXX_LANGUAGE_STANDARD = "gnu++0x";
				CLANG_CXX_LIBRARY = "libc++";
				CLANG_ENABLE_MODULES = YES;
				CLANG_ENABLE_OBJC_ARC = YES;
				CLANG_WARN_BOOL_CONVERSION = YES;
				CLANG_WARN_CONSTANT_CONVERSION = YES;
				CLANG_WARN_DIRECT_OBJC_ISA_USAGE = YES_ERROR;
				CLANG_WARN_EMPTY_BODY = YES;
				CLANG_WARN_ENUM_CONVERSION = YES;
				CLANG_WARN_INT_CONVERSION = YES;
				CLANG_WARN_OBJC_ROOT_CLASS = YES_ERROR;
				CLANG_WARN_UNREACHABLE_CODE = YES;
				CLANG_WARN__DUPLICATE_METHOD_MATCH = YES;
				"CODE_SIGN_IDENTITY[sdk=iphoneos*]" = "iPhone Developer";
				COPY_PHASE_STRIP = NO;
				DEBUG_INFORMATION_FORMAT = "dwarf-with-dsym";
				ENABLE_NS_ASSERTIONS = NO;
				ENABLE_STRICT_OBJC_MSGSEND = YES;
				GCC_C_LANGUAGE_STANDARD = gnu99;
				GCC_NO_COMMON_BLOCKS = YES;
				GCC_WARN_64_TO_32_BIT_CONVERSION = YES;
				GCC_WARN_ABOUT_RETURN_TYPE = YES_ERROR;
				GCC_WARN_UNDECLARED_SELECTOR = YES;
				GCC_WARN_UNINITIALIZED_AUTOS = YES_AGGRESSIVE;
				GCC_WARN_UNUSED_FUNCTION = YES;
				GCC_WARN_UNUSED_VARIABLE = YES;
				IPHONEOS_DEPLOYMENT_TARGET = 9.1;
				MTL_ENABLE_DEBUG_INFO = NO;
				SDKROOT = iphoneos;
				VALIDATE_PRODUCT = YES;
			};
			name = Release;
		};
		1F11643A1C58591E00215A54 /* Debug */ = {
			isa = XCBuildConfiguration;
			buildSettings = {
				ASSETCATALOG_COMPILER_APPICON_NAME = AppIcon;
				INFOPLIST_FILE = 5Day/Info.plist;
				LD_RUNPATH_SEARCH_PATHS = "$(inherited) @executable_path/Frameworks";
				PRODUCT_BUNDLE_IDENTIFIER = "com.VALVE.www.-Day";
				PRODUCT_NAME = "$(TARGET_NAME)";
			};
			name = Debug;
		};
		1F11643B1C58591E00215A54 /* Release */ = {
			isa = XCBuildConfiguration;
			buildSettings = {
				ASSETCATALOG_COMPILER_APPICON_NAME = AppIcon;
				INFOPLIST_FILE = 5Day/Info.plist;
				LD_RUNPATH_SEARCH_PATHS = "$(inherited) @executable_path/Frameworks";
				PRODUCT_BUNDLE_IDENTIFIER = "com.VALVE.www.-Day";
				PRODUCT_NAME = "$(TARGET_NAME)";
			};
			name = Release;
		};
		1F11643D1C58591E00215A54 /* Debug */ = {
			isa = XCBuildConfiguration;
			buildSettings = {
				BUNDLE_LOADER = "$(TEST_HOST)";
				INFOPLIST_FILE = 5DayTests/Info.plist;
				LD_RUNPATH_SEARCH_PATHS = "$(inherited) @executable_path/Frameworks @loader_path/Frameworks";
				PRODUCT_BUNDLE_IDENTIFIER = "com.VALVE.www.-DayTests";
				PRODUCT_NAME = "$(TARGET_NAME)";
				TEST_HOST = "$(BUILT_PRODUCTS_DIR)/5Day.app/5Day";
			};
			name = Debug;
		};
		1F11643E1C58591E00215A54 /* Release */ = {
			isa = XCBuildConfiguration;
			buildSettings = {
				BUNDLE_LOADER = "$(TEST_HOST)";
				INFOPLIST_FILE = 5DayTests/Info.plist;
				LD_RUNPATH_SEARCH_PATHS = "$(inherited) @executable_path/Frameworks @loader_path/Frameworks";
				PRODUCT_BUNDLE_IDENTIFIER = "com.VALVE.www.-DayTests";
				PRODUCT_NAME = "$(TARGET_NAME)";
				TEST_HOST = "$(BUILT_PRODUCTS_DIR)/5Day.app/5Day";
			};
			name = Release;
		};
		1F1164401C58591E00215A54 /* Debug */ = {
			isa = XCBuildConfiguration;
			buildSettings = {
				INFOPLIST_FILE = 5DayUITests/Info.plist;
				LD_RUNPATH_SEARCH_PATHS = "$(inherited) @executable_path/Frameworks @loader_path/Frameworks";
				PRODUCT_BUNDLE_IDENTIFIER = "com.VALVE.www.-DayUITests";
				PRODUCT_NAME = "$(TARGET_NAME)";
				TEST_TARGET_NAME = 5Day;
				USES_XCTRUNNER = YES;
			};
			name = Debug;
		};
		1F1164411C58591E00215A54 /* Release */ = {
			isa = XCBuildConfiguration;
			buildSettings = {
				INFOPLIST_FILE = 5DayUITests/Info.plist;
				LD_RUNPATH_SEARCH_PATHS = "$(inherited) @executable_path/Frameworks @loader_path/Frameworks";
				PRODUCT_BUNDLE_IDENTIFIER = "com.VALVE.www.-DayUITests";
				PRODUCT_NAME = "$(TARGET_NAME)";
				TEST_TARGET_NAME = 5Day;
				USES_XCTRUNNER = YES;
			};
			name = Release;
		};
/* End XCBuildConfiguration section */

/* Begin XCConfigurationList section */
		1F11640C1C58591E00215A54 /* Build configuration list for PBXProject "5Day" */ = {
			isa = XCConfigurationList;
			buildConfigurations = (
				1F1164371C58591E00215A54 /* Debug */,
				1F1164381C58591E00215A54 /* Release */,
			);
			defaultConfigurationIsVisible = 0;
			defaultConfigurationName = Release;
		};
		1F1164391C58591E00215A54 /* Build configuration list for PBXNativeTarget "5Day" */ = {
			isa = XCConfigurationList;
			buildConfigurations = (
				1F11643A1C58591E00215A54 /* Debug */,
				1F11643B1C58591E00215A54 /* Release */,
			);
			defaultConfigurationIsVisible = 0;
		};
		1F11643C1C58591E00215A54 /* Build configuration list for PBXNativeTarget "5DayTests" */ = {
			isa = XCConfigurationList;
			buildConfigurations = (
				1F11643D1C58591E00215A54 /* Debug */,
				1F11643E1C58591E00215A54 /* Release */,
			);
			defaultConfigurationIsVisible = 0;
		};
		1F11643F1C58591E00215A54 /* Build configuration list for PBXNativeTarget "5DayUITests" */ = {
			isa = XCConfigurationList;
			buildConfigurations = (
				1F1164401C58591E00215A54 /* Debug */,
				1F1164411C58591E00215A54 /* Release */,
			);
			defaultConfigurationIsVisible = 0;
		};
/* End XCConfigurationList section */
	};
	rootObject = 1F1164091C58591E00215A54 /* Project object */;
}
