// !$*UTF8*$!
{
	archiveVersion = 1;
	classes = {
	};
	objectVersion = 46;
	objects = {

/* Begin PBXBuildFile section */
		1F230C881CAE4FF300869A44 /* AppDelegate.swift in Sources */ = {isa = PBXBuildFile; fileRef = 1F230C871CAE4FF300869A44 /* AppDelegate.swift */; };
		1F230C8A1CAE4FF300869A44 /* ViewController.swift in Sources */ = {isa = PBXBuildFile; fileRef = 1F230C891CAE4FF300869A44 /* ViewController.swift */; };
		1F230C8D1CAE4FF300869A44 /* Main.storyboard in Resources */ = {isa = PBXBuildFile; fileRef = 1F230C8B1CAE4FF300869A44 /* Main.storyboard */; };
		1F230C8F1CAE4FF400869A44 /* Assets.xcassets in Resources */ = {isa = PBXBuildFile; fileRef = 1F230C8E1CAE4FF400869A44 /* Assets.xcassets */; };
		1F230C921CAE4FF400869A44 /* LaunchScreen.storyboard in Resources */ = {isa = PBXBuildFile; fileRef = 1F230C901CAE4FF400869A44 /* LaunchScreen.storyboard */; };
/* End PBXBuildFile section */

/* Begin PBXFileReference section */
		1F230C841CAE4FF300869A44 /* 27Day.app */ = {isa = PBXFileReference; explicitFileType = wrapper.application; includeInIndex = 0; path = 27Day.app; sourceTree = BUILT_PRODUCTS_DIR; };
		1F230C871CAE4FF300869A44 /* AppDelegate.swift */ = {isa = PBXFileReference; lastKnownFileType = sourcecode.swift; path = AppDelegate.swift; sourceTree = "<group>"; };
		1F230C891CAE4FF300869A44 /* ViewController.swift */ = {isa = PBXFileReference; lastKnownFileType = sourcecode.swift; path = ViewController.swift; sourceTree = "<group>"; };
		1F230C8C1CAE4FF300869A44 /* Base */ = {isa = PBXFileReference; lastKnownFileType = file.storyboard; name = Base; path = Base.lproj/Main.storyboard; sourceTree = "<group>"; };
		1F230C8E1CAE4FF400869A44 /* Assets.xcassets */ = {isa = PBXFileReference; lastKnownFileType = folder.assetcatalog; path = Assets.xcassets; sourceTree = "<group>"; };
		1F230C911CAE4FF400869A44 /* Base */ = {isa = PBXFileReference; lastKnownFileType = file.storyboard; name = Base; path = Base.lproj/LaunchScreen.storyboard; sourceTree = "<group>"; };
		1F230C931CAE4FF400869A44 /* Info.plist */ = {isa = PBXFileReference; lastKnownFileType = text.plist.xml; path = Info.plist; sourceTree = "<group>"; };
/* End PBXFileReference section */

/* Begin PBXFrameworksBuildPhase section */
		1F230C811CAE4FF300869A44 /* Frameworks */ = {
			isa = PBXFrameworksBuildPhase;
			buildActionMask = 2147483647;
			files = (
			);
			runOnlyForDeploymentPostprocessing = 0;
		};
/* End PBXFrameworksBuildPhase section */

/* Begin PBXGroup section */
		1F230C7B1CAE4FF200869A44 = {
			isa = PBXGroup;
			children = (
				1F230C861CAE4FF300869A44 /* 27Day */,
				1F230C851CAE4FF300869A44 /* Products */,
			);
			sourceTree = "<group>";
		};
		1F230C851CAE4FF300869A44 /* Products */ = {
			isa = PBXGroup;
			children = (
				1F230C841CAE4FF300869A44 /* 27Day.app */,
			);
			name = Products;
			sourceTree = "<group>";
		};
		1F230C861CAE4FF300869A44 /* 27Day */ = {
			isa = PBXGroup;
			children = (
				1F230C871CAE4FF300869A44 /* AppDelegate.swift */,
				1F230C891CAE4FF300869A44 /* ViewController.swift */,
				1F230C8B1CAE4FF300869A44 /* Main.storyboard */,
				1F230C8E1CAE4FF400869A44 /* Assets.xcassets */,
				1F230C901CAE4FF400869A44 /* LaunchScreen.storyboard */,
				1F230C931CAE4FF400869A44 /* Info.plist */,
			);
			path = 27Day;
			sourceTree = "<group>";
		};
/* End PBXGroup section */

/* Begin PBXNativeTarget section */
		1F230C831CAE4FF300869A44 /* 27Day */ = {
			isa = PBXNativeTarget;
			buildConfigurationList = 1F230C961CAE4FF400869A44 /* Build configuration list for PBXNativeTarget "27Day" */;
			buildPhases = (
				1F230C801CAE4FF300869A44 /* Sources */,
				1F230C811CAE4FF300869A44 /* Frameworks */,
				1F230C821CAE4FF300869A44 /* Resources */,
			);
			buildRules = (
			);
			dependencies = (
			);
			name = 27Day;
			productName = 27Day;
			productReference = 1F230C841CAE4FF300869A44 /* 27Day.app */;
			productType = "com.apple.product-type.application";
		};
/* End PBXNativeTarget section */

/* Begin PBXProject section */
		1F230C7C1CAE4FF200869A44 /* Project object */ = {
			isa = PBXProject;
			attributes = {
				LastSwiftUpdateCheck = 0730;
				LastUpgradeCheck = 0730;
				ORGANIZATIONNAME = Nododo;
				TargetAttributes = {
					1F230C831CAE4FF300869A44 = {
						CreatedOnToolsVersion = 7.3;
					};
				};
			};
			buildConfigurationList = 1F230C7F1CAE4FF200869A44 /* Build configuration list for PBXProject "27Day" */;
			compatibilityVersion = "Xcode 3.2";
			developmentRegion = English;
			hasScannedForEncodings = 0;
			knownRegions = (
				en,
				Base,
			);
			mainGroup = 1F230C7B1CAE4FF200869A44;
			productRefGroup = 1F230C851CAE4FF300869A44 /* Products */;
			projectDirPath = "";
			projectRoot = "";
			targets = (
				1F230C831CAE4FF300869A44 /* 27Day */,
			);
		};
/* End PBXProject section */

/* Begin PBXResourcesBuildPhase section */
		1F230C821CAE4FF300869A44 /* Resources */ = {
			isa = PBXResourcesBuildPhase;
			buildActionMask = 2147483647;
			files = (
				1F230C921CAE4FF400869A44 /* LaunchScreen.storyboard in Resources */,
				1F230C8F1CAE4FF400869A44 /* Assets.xcassets in Resources */,
				1F230C8D1CAE4FF300869A44 /* Main.storyboard in Resources */,
			);
			runOnlyForDeploymentPostprocessing = 0;
		};
/* End PBXResourcesBuildPhase section */

/* Begin PBXSourcesBuildPhase section */
		1F230C801CAE4FF300869A44 /* Sources */ = {
			isa = PBXSourcesBuildPhase;
			buildActionMask = 2147483647;
			files = (
				1F230C8A1CAE4FF300869A44 /* ViewController.swift in Sources */,
				1F230C881CAE4FF300869A44 /* AppDelegate.swift in Sources */,
			);
			runOnlyForDeploymentPostprocessing = 0;
		};
/* End PBXSourcesBuildPhase section */

/* Begin PBXVariantGroup section */
		1F230C8B1CAE4FF300869A44 /* Main.storyboard */ = {
			isa = PBXVariantGroup;
			children = (
				1F230C8C1CAE4FF300869A44 /* Base */,
			);
			name = Main.storyboard;
			sourceTree = "<group>";
		};
		1F230C901CAE4FF400869A44 /* LaunchScreen.storyboard */ = {
			isa = PBXVariantGroup;
			children = (
				1F230C911CAE4FF400869A44 /* Base */,
			);
			name = LaunchScreen.storyboard;
			sourceTree = "<group>";
		};
/* End PBXVariantGroup section */

/* Begin XCBuildConfiguration section */
		1F230C941CAE4FF400869A44 /* Debug */ = {
			isa = XCBuildConfiguration;
			buildSettings = {
				ALWAYS_SEARCH_USER_PATHS = NO;
				CLANG_ANALYZER_NONNULL = YES;
				CLANG_CXX_LANGUAGE_STANDARD = "gnu++0x";
				CLANG_CXX_LIBRARY = "libc++";
				CLANG_ENABLE_MODULES = YES;
				CLANG_ENABLE_OBJC_ARC = YES;
				CLANG_WARN_BOOL_CONVERSION = YES;
				CLANG_WARN_CONSTANT_CONVERSION = YES;
				CLANG_WARN_DIRECT_OBJC_ISA_USAGE = YES_ERROR;
				CLANG_WARN_EMPTY_BODY = YES;
				CLANG_WARN_ENUM_CONVERSION = YES;
				CLANG_WARN_INT_CONVERSION = YES;
				CLANG_WARN_OBJC_ROOT_CLASS = YES_ERROR;
				CLANG_WARN_UNREACHABLE_CODE = YES;
				CLANG_WARN__DUPLICATE_METHOD_MATCH = YES;
				"CODE_SIGN_IDENTITY[sdk=iphoneos*]" = "iPhone Developer";
				COPY_PHASE_STRIP = NO;
				DEBUG_INFORMATION_FORMAT = dwarf;
				ENABLE_STRICT_OBJC_MSGSEND = YES;
				ENABLE_TESTABILITY = YES;
				GCC_C_LANGUAGE_STANDARD = gnu99;
				GCC_DYNAMIC_NO_PIC = NO;
				GCC_NO_COMMON_BLOCKS = YES;
				GCC_OPTIMIZATION_LEVEL = 0;
				GCC_PREPROCESSOR_DEFINITIONS = (
					"DEBUG=1",
					"$(inherited)",
				);
				GCC_WARN_64_TO_32_BIT_CONVERSION = YES;
				GCC_WARN_ABOUT_RETURN_TYPE = YES_ERROR;
				GCC_WARN_UNDECLARED_SELECTOR = YES;
				GCC_WARN_UNINITIALIZED_AUTOS = YES_AGGRESSIVE;
				GCC_WARN_UNUSED_FUNCTION = YES;
				GCC_WARN_UNUSED_VARIABLE = YES;
				IPHONEOS_DEPLOYMENT_TARGET = 9.3;
				MTL_ENABLE_DEBUG_INFO = YES;
				ONLY_ACTIVE_ARCH = YES;
				SDKROOT = iphoneos;
				SWIFT_OPTIMIZATION_LEVEL = "-Onone";
			};
			name = Debug;
		};
		1F230C951CAE4FF400869A44 /* Release */ = {
			isa = XCBuildConfiguration;
			buildSettings = {
				ALWAYS_SEARCH_USER_PATHS = NO;
				CLANG_ANALYZER_NONNULL = YES;
				CLANG_CXX_LANGUAGE_STANDARD = "gnu++0x";
				CLANG_CXX_LIBRARY = "libc++";
				CLANG_ENABLE_MODULES = YES;
				CLANG_ENABLE_OBJC_ARC = YES;
				CLANG_WARN_BOOL_CONVERSION = YES;
				CLANG_WARN_CONSTANT_CONVERSION = YES;
				CLANG_WARN_DIRECT_OBJC_ISA_USAGE = YES_ERROR;
				CLANG_WARN_EMPTY_BODY = YES;
				CLANG_WARN_ENUM_CONVERSION = YES;
				CLANG_WARN_INT_CONVERSION = YES;
				CLANG_WARN_OBJC_ROOT_CLASS = YES_ERROR;
				CLANG_WARN_UNREACHABLE_CODE = YES;
				CLANG_WARN__DUPLICATE_METHOD_MATCH = YES;
				"CODE_SIGN_IDENTITY[sdk=iphoneos*]" = "iPhone Developer";
				COPY_PHASE_STRIP = NO;
				DEBUG_INFORMATION_FORMAT = "dwarf-with-dsym";
				ENABLE_NS_ASSERTIONS = NO;
				ENABLE_STRICT_OBJC_MSGSEND = YES;
				GCC_C_LANGUAGE_STANDARD = gnu99;
				GCC_NO_COMMON_BLOCKS = YES;
				GCC_WARN_64_TO_32_BIT_CONVERSION = YES;
				GCC_WARN_ABOUT_RETURN_TYPE = YES_ERROR;
				GCC_WARN_UNDECLARED_SELECTOR = YES;
				GCC_WARN_UNINITIALIZED_AUTOS = YES_AGGRESSIVE;
				GCC_WARN_UNUSED_FUNCTION = YES;
				GCC_WARN_UNUSED_VARIABLE = YES;
				IPHONEOS_DEPLOYMENT_TARGET = 9.3;
				MTL_ENABLE_DEBUG_INFO = NO;
				SDKROOT = iphoneos;
				VALIDATE_PRODUCT = YES;
			};
			name = Release;
		};
		1F230C971CAE4FF400869A44 /* Debug */ = {
			isa = XCBuildConfiguration;
			buildSettings = {
				ASSETCATALOG_COMPILER_APPICON_NAME = AppIcon;
				INFOPLIST_FILE = 27Day/Info.plist;
				LD_RUNPATH_SEARCH_PATHS = "$(inherited) @executable_path/Frameworks";
				PRODUCT_BUNDLE_IDENTIFIER = "com.VALVE.www.-7Day";
				PRODUCT_NAME = "$(TARGET_NAME)";
			};
			name = Debug;
		};
		1F230C981CAE4FF400869A44 /* Release */ = {
			isa = XCBuildConfiguration;
			buildSettings = {
				ASSETCATALOG_COMPILER_APPICON_NAME = AppIcon;
				INFOPLIST_FILE = 27Day/Info.plist;
				LD_RUNPATH_SEARCH_PATHS = "$(inherited) @executable_path/Frameworks";
				PRODUCT_BUNDLE_IDENTIFIER = "com.VALVE.www.-7Day";
				PRODUCT_NAME = "$(TARGET_NAME)";
			};
			name = Release;
		};
/* End XCBuildConfiguration section */

/* Begin XCConfigurationList section */
		1F230C7F1CAE4FF200869A44 /* Build configuration list for PBXProject "27Day" */ = {
			isa = XCConfigurationList;
			buildConfigurations = (
				1F230C941CAE4FF400869A44 /* Debug */,
				1F230C951CAE4FF400869A44 /* Release */,
			);
			defaultConfigurationIsVisible = 0;
			defaultConfigurationName = Release;
		};
		1F230C961CAE4FF400869A44 /* Build configuration list for PBXNativeTarget "27Day" */ = {
			isa = XCConfigurationList;
			buildConfigurations = (
				1F230C971CAE4FF400869A44 /* Debug */,
				1F230C981CAE4FF400869A44 /* Release */,
			);
			defaultConfigurationIsVisible = 0;
		};
/* End XCConfigurationList section */
	};
	rootObject = 1F230C7C1CAE4FF200869A44 /* Project object */;
}
