// !$*UTF8*$!
{
	archiveVersion = 1;
	classes = {
	};
	objectVersion = 46;
	objects = {

/* Begin PBXBuildFile section */
		1F11644F1C58637C00215A54 /* AppDelegate.swift in Sources */ = {isa = PBXBuildFile; fileRef = 1F11644E1C58637C00215A54 /* AppDelegate.swift */; };
		1F1164541C58637D00215A54 /* Main.storyboard in Resources */ = {isa = PBXBuildFile; fileRef = 1F1164521C58637D00215A54 /* Main.storyboard */; };
		1F1164561C58637D00215A54 /* Assets.xcassets in Resources */ = {isa = PBXBuildFile; fileRef = 1F1164551C58637D00215A54 /* Assets.xcassets */; };
		1F1164591C58637D00215A54 /* LaunchScreen.storyboard in Resources */ = {isa = PBXBuildFile; fileRef = 1F1164571C58637D00215A54 /* LaunchScreen.storyboard */; };
		1F1164641C58637D00215A54 /* _DayTests.swift in Sources */ = {isa = PBXBuildFile; fileRef = 1F1164631C58637D00215A54 /* _DayTests.swift */; };
		1F11646F1C58637D00215A54 /* _DayUITests.swift in Sources */ = {isa = PBXBuildFile; fileRef = 1F11646E1C58637D00215A54 /* _DayUITests.swift */; };
		1F11647D1C58644C00215A54 /* FirstController.swift in Sources */ = {isa = PBXBuildFile; fileRef = 1F11647C1C58644C00215A54 /* FirstController.swift */; };
		1F11647F1C58645C00215A54 /* SecondController.swift in Sources */ = {isa = PBXBuildFile; fileRef = 1F11647E1C58645C00215A54 /* SecondController.swift */; };
/* End PBXBuildFile section */

/* Begin PBXContainerItemProxy section */
		1F1164601C58637D00215A54 /* PBXContainerItemProxy */ = {
			isa = PBXContainerItemProxy;
			containerPortal = 1F1164431C58637C00215A54 /* Project object */;
			proxyType = 1;
			remoteGlobalIDString = 1F11644A1C58637C00215A54;
			remoteInfo = 6Day;
		};
		1F11646B1C58637D00215A54 /* PBXContainerItemProxy */ = {
			isa = PBXContainerItemProxy;
			containerPortal = 1F1164431C58637C00215A54 /* Project object */;
			proxyType = 1;
			remoteGlobalIDString = 1F11644A1C58637C00215A54;
			remoteInfo = 6Day;
		};
/* End PBXContainerItemProxy section */

/* Begin PBXFileReference section */
		1F11644B1C58637C00215A54 /* 6Day.app */ = {isa = PBXFileReference; explicitFileType = wrapper.application; includeInIndex = 0; path = 6Day.app; sourceTree = BUILT_PRODUCTS_DIR; };
		1F11644E1C58637C00215A54 /* AppDelegate.swift */ = {isa = PBXFileReference; lastKnownFileType = sourcecode.swift; path = AppDelegate.swift; sourceTree = "<group>"; };
		1F1164531C58637D00215A54 /* Base */ = {isa = PBXFileReference; lastKnownFileType = file.storyboard; name = Base; path = Base.lproj/Main.storyboard; sourceTree = "<group>"; };
		1F1164551C58637D00215A54 /* Assets.xcassets */ = {isa = PBXFileReference; lastKnownFileType = folder.assetcatalog; path = Assets.xcassets; sourceTree = "<group>"; };
		1F1164581C58637D00215A54 /* Base */ = {isa = PBXFileReference; lastKnownFileType = file.storyboard; name = Base; path = Base.lproj/LaunchScreen.storyboard; sourceTree = "<group>"; };
		1F11645A1C58637D00215A54 /* Info.plist */ = {isa = PBXFileReference; lastKnownFileType = text.plist.xml; path = Info.plist; sourceTree = "<group>"; };
		1F11645F1C58637D00215A54 /* 6DayTests.xctest */ = {isa = PBXFileReference; explicitFileType = wrapper.cfbundle; includeInIndex = 0; path = 6DayTests.xctest; sourceTree = BUILT_PRODUCTS_DIR; };
		1F1164631C58637D00215A54 /* _DayTests.swift */ = {isa = PBXFileReference; lastKnownFileType = sourcecode.swift; path = _DayTests.swift; sourceTree = "<group>"; };
		1F1164651C58637D00215A54 /* Info.plist */ = {isa = PBXFileReference; lastKnownFileType = text.plist.xml; path = Info.plist; sourceTree = "<group>"; };
		1F11646A1C58637D00215A54 /* 6DayUITests.xctest */ = {isa = PBXFileReference; explicitFileType = wrapper.cfbundle; includeInIndex = 0; path = 6DayUITests.xctest; sourceTree = BUILT_PRODUCTS_DIR; };
		1F11646E1C58637D00215A54 /* _DayUITests.swift */ = {isa = PBXFileReference; lastKnownFileType = sourcecode.swift; path = _DayUITests.swift; sourceTree = "<group>"; };
		1F1164701C58637D00215A54 /* Info.plist */ = {isa = PBXFileReference; lastKnownFileType = text.plist.xml; path = Info.plist; sourceTree = "<group>"; };
		1F11647C1C58644C00215A54 /* FirstController.swift */ = {isa = PBXFileReference; fileEncoding = 4; lastKnownFileType = sourcecode.swift; path = FirstController.swift; sourceTree = "<group>"; };
		1F11647E1C58645C00215A54 /* SecondController.swift */ = {isa = PBXFileReference; fileEncoding = 4; lastKnownFileType = sourcecode.swift; path = SecondController.swift; sourceTree = "<group>"; };
/* End PBXFileReference section */

/* Begin PBXFrameworksBuildPhase section */
		1F1164481C58637C00215A54 /* Frameworks */ = {
			isa = PBXFrameworksBuildPhase;
			buildActionMask = 2147483647;
			files = (
			);
			runOnlyForDeploymentPostprocessing = 0;
		};
		1F11645C1C58637D00215A54 /* Frameworks */ = {
			isa = PBXFrameworksBuildPhase;
			buildActionMask = 2147483647;
			files = (
			);
			runOnlyForDeploymentPostprocessing = 0;
		};
		1F1164671C58637D00215A54 /* Frameworks */ = {
			isa = PBXFrameworksBuildPhase;
			buildActionMask = 2147483647;
			files = (
			);
			runOnlyForDeploymentPostprocessing = 0;
		};
/* End PBXFrameworksBuildPhase section */

/* Begin PBXGroup section */
		1F1164421C58637C00215A54 = {
			isa = PBXGroup;
			children = (
				1F11644D1C58637C00215A54 /* 6Day */,
				1F1164621C58637D00215A54 /* 6DayTests */,
				1F11646D1C58637D00215A54 /* 6DayUITests */,
				1F11644C1C58637C00215A54 /* Products */,
			);
			sourceTree = "<group>";
		};
		1F11644C1C58637C00215A54 /* Products */ = {
			isa = PBXGroup;
			children = (
				1F11644B1C58637C00215A54 /* 6Day.app */,
				1F11645F1C58637D00215A54 /* 6DayTests.xctest */,
				1F11646A1C58637D00215A54 /* 6DayUITests.xctest */,
			);
			name = Products;
			sourceTree = "<group>";
		};
		1F11644D1C58637C00215A54 /* 6Day */ = {
			isa = PBXGroup;
			children = (
				1F11644E1C58637C00215A54 /* AppDelegate.swift */,
				1F1164521C58637D00215A54 /* Main.storyboard */,
				1F11647C1C58644C00215A54 /* FirstController.swift */,
				1F11647E1C58645C00215A54 /* SecondController.swift */,
				1F1164551C58637D00215A54 /* Assets.xcassets */,
				1F1164571C58637D00215A54 /* LaunchScreen.storyboard */,
				1F11645A1C58637D00215A54 /* Info.plist */,
			);
			path = 6Day;
			sourceTree = "<group>";
		};
		1F1164621C58637D00215A54 /* 6DayTests */ = {
			isa = PBXGroup;
			children = (
				1F1164631C58637D00215A54 /* _DayTests.swift */,
				1F1164651C58637D00215A54 /* Info.plist */,
			);
			path = 6DayTests;
			sourceTree = "<group>";
		};
		1F11646D1C58637D00215A54 /* 6DayUITests */ = {
			isa = PBXGroup;
			children = (
				1F11646E1C58637D00215A54 /* _DayUITests.swift */,
				1F1164701C58637D00215A54 /* Info.plist */,
			);
			path = 6DayUITests;
			sourceTree = "<group>";
		};
/* End PBXGroup section */

/* Begin PBXNativeTarget section */
		1F11644A1C58637C00215A54 /* 6Day */ = {
			isa = PBXNativeTarget;
			buildConfigurationList = 1F1164731C58637D00215A54 /* Build configuration list for PBXNativeTarget "6Day" */;
			buildPhases = (
				1F1164471C58637C00215A54 /* Sources */,
				1F1164481C58637C00215A54 /* Frameworks */,
				1F1164491C58637C00215A54 /* Resources */,
			);
			buildRules = (
			);
			dependencies = (
			);
			name = 6Day;
			productName = 6Day;
			productReference = 1F11644B1C58637C00215A54 /* 6Day.app */;
			productType = "com.apple.product-type.application";
		};
		1F11645E1C58637D00215A54 /* 6DayTests */ = {
			isa = PBXNativeTarget;
			buildConfigurationList = 1F1164761C58637D00215A54 /* Build configuration list for PBXNativeTarget "6DayTests" */;
			buildPhases = (
				1F11645B1C58637D00215A54 /* Sources */,
				1F11645C1C58637D00215A54 /* Frameworks */,
				1F11645D1C58637D00215A54 /* Resources */,
			);
			buildRules = (
			);
			dependencies = (
				1F1164611C58637D00215A54 /* PBXTargetDependency */,
			);
			name = 6DayTests;
			productName = 6DayTests;
			productReference = 1F11645F1C58637D00215A54 /* 6DayTests.xctest */;
			productType = "com.apple.product-type.bundle.unit-test";
		};
		1F1164691C58637D00215A54 /* 6DayUITests */ = {
			isa = PBXNativeTarget;
			buildConfigurationList = 1F1164791C58637D00215A54 /* Build configuration list for PBXNativeTarget "6DayUITests" */;
			buildPhases = (
				1F1164661C58637D00215A54 /* Sources */,
				1F1164671C58637D00215A54 /* Frameworks */,
				1F1164681C58637D00215A54 /* Resources */,
			);
			buildRules = (
			);
			dependencies = (
				1F11646C1C58637D00215A54 /* PBXTargetDependency */,
			);
			name = 6DayUITests;
			productName = 6DayUITests;
			productReference = 1F11646A1C58637D00215A54 /* 6DayUITests.xctest */;
			productType = "com.apple.product-type.bundle.ui-testing";
		};
/* End PBXNativeTarget section */

/* Begin PBXProject section */
		1F1164431C58637C00215A54 /* Project object */ = {
			isa = PBXProject;
			attributes = {
				LastSwiftUpdateCheck = 0710;
				LastUpgradeCheck = 0710;
				ORGANIZATIONNAME = Nododo;
				TargetAttributes = {
					1F11644A1C58637C00215A54 = {
						CreatedOnToolsVersion = 7.1;
					};
					1F11645E1C58637D00215A54 = {
						CreatedOnToolsVersion = 7.1;
						TestTargetID = 1F11644A1C58637C00215A54;
					};
					1F1164691C58637D00215A54 = {
						CreatedOnToolsVersion = 7.1;
						TestTargetID = 1F11644A1C58637C00215A54;
					};
				};
			};
			buildConfigurationList = 1F1164461C58637C00215A54 /* Build configuration list for PBXProject "6Day" */;
			compatibilityVersion = "Xcode 3.2";
			developmentRegion = English;
			hasScannedForEncodings = 0;
			knownRegions = (
				en,
				Base,
			);
			mainGroup = 1F1164421C58637C00215A54;
			productRefGroup = 1F11644C1C58637C00215A54 /* Products */;
			projectDirPath = "";
			projectRoot = "";
			targets = (
				1F11644A1C58637C00215A54 /* 6Day */,
				1F11645E1C58637D00215A54 /* 6DayTests */,
				1F1164691C58637D00215A54 /* 6DayUITests */,
			);
		};
/* End PBXProject section */

/* Begin PBXResourcesBuildPhase section */
		1F1164491C58637C00215A54 /* Resources */ = {
			isa = PBXResourcesBuildPhase;
			buildActionMask = 2147483647;
			files = (
				1F1164591C58637D00215A54 /* LaunchScreen.storyboard in Resources */,
				1F1164561C58637D00215A54 /* Assets.xcassets in Resources */,
				1F1164541C58637D00215A54 /* Main.storyboard in Resources */,
			);
			runOnlyForDeploymentPostprocessing = 0;
		};
		1F11645D1C58637D00215A54 /* Resources */ = {
			isa = PBXResourcesBuildPhase;
			buildActionMask = 2147483647;
			files = (
			);
			runOnlyForDeploymentPostprocessing = 0;
		};
		1F1164681C58637D00215A54 /* Resources */ = {
			isa = PBXResourcesBuildPhase;
			buildActionMask = 2147483647;
			files = (
			);
			runOnlyForDeploymentPostprocessing = 0;
		};
/* End PBXResourcesBuildPhase section */

/* Begin PBXSourcesBuildPhase section */
		1F1164471C58637C00215A54 /* Sources */ = {
			isa = PBXSourcesBuildPhase;
			buildActionMask = 2147483647;
			files = (
				1F11647F1C58645C00215A54 /* SecondController.swift in Sources */,
				1F11647D1C58644C00215A54 /* FirstController.swift in Sources */,
				1F11644F1C58637C00215A54 /* AppDelegate.swift in Sources */,
			);
			runOnlyForDeploymentPostprocessing = 0;
		};
		1F11645B1C58637D00215A54 /* Sources */ = {
			isa = PBXSourcesBuildPhase;
			buildActionMask = 2147483647;
			files = (
				1F1164641C58637D00215A54 /* _DayTests.swift in Sources */,
			);
			runOnlyForDeploymentPostprocessing = 0;
		};
		1F1164661C58637D00215A54 /* Sources */ = {
			isa = PBXSourcesBuildPhase;
			buildActionMask = 2147483647;
			files = (
				1F11646F1C58637D00215A54 /* _DayUITests.swift in Sources */,
			);
			runOnlyForDeploymentPostprocessing = 0;
		};
/* End PBXSourcesBuildPhase section */

/* Begin PBXTargetDependency section */
		1F1164611C58637D00215A54 /* PBXTargetDependency */ = {
			isa = PBXTargetDependency;
			target = 1F11644A1C58637C00215A54 /* 6Day */;
			targetProxy = 1F1164601C58637D00215A54 /* PBXContainerItemProxy */;
		};
		1F11646C1C58637D00215A54 /* PBXTargetDependency */ = {
			isa = PBXTargetDependency;
			target = 1F11644A1C58637C00215A54 /* 6Day */;
			targetProxy = 1F11646B1C58637D00215A54 /* PBXContainerItemProxy */;
		};
/* End PBXTargetDependency section */

/* Begin PBXVariantGroup section */
		1F1164521C58637D00215A54 /* Main.storyboard */ = {
			isa = PBXVariantGroup;
			children = (
				1F1164531C58637D00215A54 /* Base */,
			);
			name = Main.storyboard;
			sourceTree = "<group>";
		};
		1F1164571C58637D00215A54 /* LaunchScreen.storyboard */ = {
			isa = PBXVariantGroup;
			children = (
				1F1164581C58637D00215A54 /* Base */,
			);
			name = LaunchScreen.storyboard;
			sourceTree = "<group>";
		};
/* End PBXVariantGroup section */

/* Begin XCBuildConfiguration section */
		1F1164711C58637D00215A54 /* Debug */ = {
			isa = XCBuildConfiguration;
			buildSettings = {
				ALWAYS_SEARCH_USER_PATHS = NO;
				CLANG_CXX_LANGUAGE_STANDARD = "gnu++0x";
				CLANG_CXX_LIBRARY = "libc++";
				CLANG_ENABLE_MODULES = YES;
				CLANG_ENABLE_OBJC_ARC = YES;
				CLANG_WARN_BOOL_CONVERSION = YES;
				CLANG_WARN_CONSTANT_CONVERSION = YES;
				CLANG_WARN_DIRECT_OBJC_ISA_USAGE = YES_ERROR;
				CLANG_WARN_EMPTY_BODY = YES;
				CLANG_WARN_ENUM_CONVERSION = YES;
				CLANG_WARN_INT_CONVERSION = YES;
				CLANG_WARN_OBJC_ROOT_CLASS = YES_ERROR;
				CLANG_WARN_UNREACHABLE_CODE = YES;
				CLANG_WARN__DUPLICATE_METHOD_MATCH = YES;
				"CODE_SIGN_IDENTITY[sdk=iphoneos*]" = "iPhone Developer";
				COPY_PHASE_STRIP = NO;
				DEBUG_INFORMATION_FORMAT = dwarf;
				ENABLE_STRICT_OBJC_MSGSEND = YES;
				ENABLE_TESTABILITY = YES;
				GCC_C_LANGUAGE_STANDARD = gnu99;
				GCC_DYNAMIC_NO_PIC = NO;
				GCC_NO_COMMON_BLOCKS = YES;
				GCC_OPTIMIZATION_LEVEL = 0;
				GCC_PREPROCESSOR_DEFINITIONS = (
					"DEBUG=1",
					"$(inherited)",
				);
				GCC_WARN_64_TO_32_BIT_CONVERSION = YES;
				GCC_WARN_ABOUT_RETURN_TYPE = YES_ERROR;
				GCC_WARN_UNDECLARED_SELECTOR = YES;
				GCC_WARN_UNINITIALIZED_AUTOS = YES_AGGRESSIVE;
				GCC_WARN_UNUSED_FUNCTION = YES;
				GCC_WARN_UNUSED_VARIABLE = YES;
				IPHONEOS_DEPLOYMENT_TARGET = 9.1;
				MTL_ENABLE_DEBUG_INFO = YES;
				ONLY_ACTIVE_ARCH = YES;
				SDKROOT = iphoneos;
				SWIFT_OPTIMIZATION_LEVEL = "-Onone";
			};
			name = Debug;
		};
		1F1164721C58637D00215A54 /* Release */ = {
			isa = XCBuildConfiguration;
			buildSettings = {
				ALWAYS_SEARCH_USER_PATHS = NO;
				CLANG_CXX_LANGUAGE_STANDARD = "gnu++0x";
				CLANG_CXX_LIBRARY = "libc++";
				CLANG_ENABLE_MODULES = YES;
				CLANG_ENABLE_OBJC_ARC = YES;
				CLANG_WARN_BOOL_CONVERSION = YES;
				CLANG_WARN_CONSTANT_CONVERSION = YES;
				CLANG_WARN_DIRECT_OBJC_ISA_USAGE = YES_ERROR;
				CLANG_WARN_EMPTY_BODY = YES;
				CLANG_WARN_ENUM_CONVERSION = YES;
				CLANG_WARN_INT_CONVERSION = YES;
				CLANG_WARN_OBJC_ROOT_CLASS = YES_ERROR;
				CLANG_WARN_UNREACHABLE_CODE = YES;
				CLANG_WARN__DUPLICATE_METHOD_MATCH = YES;
				"CODE_SIGN_IDENTITY[sdk=iphoneos*]" = "iPhone Developer";
				COPY_PHASE_STRIP = NO;
				DEBUG_INFORMATION_FORMAT = "dwarf-with-dsym";
				ENABLE_NS_ASSERTIONS = NO;
				ENABLE_STRICT_OBJC_MSGSEND = YES;
				GCC_C_LANGUAGE_STANDARD = gnu99;
				GCC_NO_COMMON_BLOCKS = YES;
				GCC_WARN_64_TO_32_BIT_CONVERSION = YES;
				GCC_WARN_ABOUT_RETURN_TYPE = YES_ERROR;
				GCC_WARN_UNDECLARED_SELECTOR = YES;
				GCC_WARN_UNINITIALIZED_AUTOS = YES_AGGRESSIVE;
				GCC_WARN_UNUSED_FUNCTION = YES;
				GCC_WARN_UNUSED_VARIABLE = YES;
				IPHONEOS_DEPLOYMENT_TARGET = 9.1;
				MTL_ENABLE_DEBUG_INFO = NO;
				SDKROOT = iphoneos;
				VALIDATE_PRODUCT = YES;
			};
			name = Release;
		};
		1F1164741C58637D00215A54 /* Debug */ = {
			isa = XCBuildConfiguration;
			buildSettings = {
				ASSETCATALOG_COMPILER_APPICON_NAME = AppIcon;
				INFOPLIST_FILE = 6Day/Info.plist;
				LD_RUNPATH_SEARCH_PATHS = "$(inherited) @executable_path/Frameworks";
				PRODUCT_BUNDLE_IDENTIFIER = "com.VALVE.www.-Day";
				PRODUCT_NAME = "$(TARGET_NAME)";
			};
			name = Debug;
		};
		1F1164751C58637D00215A54 /* Release */ = {
			isa = XCBuildConfiguration;
			buildSettings = {
				ASSETCATALOG_COMPILER_APPICON_NAME = AppIcon;
				INFOPLIST_FILE = 6Day/Info.plist;
				LD_RUNPATH_SEARCH_PATHS = "$(inherited) @executable_path/Frameworks";
				PRODUCT_BUNDLE_IDENTIFIER = "com.VALVE.www.-Day";
				PRODUCT_NAME = "$(TARGET_NAME)";
			};
			name = Release;
		};
		1F1164771C58637D00215A54 /* Debug */ = {
			isa = XCBuildConfiguration;
			buildSettings = {
				BUNDLE_LOADER = "$(TEST_HOST)";
				INFOPLIST_FILE = 6DayTests/Info.plist;
				LD_RUNPATH_SEARCH_PATHS = "$(inherited) @executable_path/Frameworks @loader_path/Frameworks";
				PRODUCT_BUNDLE_IDENTIFIER = "com.VALVE.www.-DayTests";
				PRODUCT_NAME = "$(TARGET_NAME)";
				TEST_HOST = "$(BUILT_PRODUCTS_DIR)/6Day.app/6Day";
			};
			name = Debug;
		};
		1F1164781C58637D00215A54 /* Release */ = {
			isa = XCBuildConfiguration;
			buildSettings = {
				BUNDLE_LOADER = "$(TEST_HOST)";
				INFOPLIST_FILE = 6DayTests/Info.plist;
				LD_RUNPATH_SEARCH_PATHS = "$(inherited) @executable_path/Frameworks @loader_path/Frameworks";
				PRODUCT_BUNDLE_IDENTIFIER = "com.VALVE.www.-DayTests";
				PRODUCT_NAME = "$(TARGET_NAME)";
				TEST_HOST = "$(BUILT_PRODUCTS_DIR)/6Day.app/6Day";
			};
			name = Release;
		};
		1F11647A1C58637D00215A54 /* Debug */ = {
			isa = XCBuildConfiguration;
			buildSettings = {
				INFOPLIST_FILE = 6DayUITests/Info.plist;
				LD_RUNPATH_SEARCH_PATHS = "$(inherited) @executable_path/Frameworks @loader_path/Frameworks";
				PRODUCT_BUNDLE_IDENTIFIER = "com.VALVE.www.-DayUITests";
				PRODUCT_NAME = "$(TARGET_NAME)";
				TEST_TARGET_NAME = 6Day;
				USES_XCTRUNNER = YES;
			};
			name = Debug;
		};
		1F11647B1C58637D00215A54 /* Release */ = {
			isa = XCBuildConfiguration;
			buildSettings = {
				INFOPLIST_FILE = 6DayUITests/Info.plist;
				LD_RUNPATH_SEARCH_PATHS = "$(inherited) @executable_path/Frameworks @loader_path/Frameworks";
				PRODUCT_BUNDLE_IDENTIFIER = "com.VALVE.www.-DayUITests";
				PRODUCT_NAME = "$(TARGET_NAME)";
				TEST_TARGET_NAME = 6Day;
				USES_XCTRUNNER = YES;
			};
			name = Release;
		};
/* End XCBuildConfiguration section */

/* Begin XCConfigurationList section */
		1F1164461C58637C00215A54 /* Build configuration list for PBXProject "6Day" */ = {
			isa = XCConfigurationList;
			buildConfigurations = (
				1F1164711C58637D00215A54 /* Debug */,
				1F1164721C58637D00215A54 /* Release */,
			);
			defaultConfigurationIsVisible = 0;
			defaultConfigurationName = Release;
		};
		1F1164731C58637D00215A54 /* Build configuration list for PBXNativeTarget "6Day" */ = {
			isa = XCConfigurationList;
			buildConfigurations = (
				1F1164741C58637D00215A54 /* Debug */,
				1F1164751C58637D00215A54 /* Release */,
			);
			defaultConfigurationIsVisible = 0;
		};
		1F1164761C58637D00215A54 /* Build configuration list for PBXNativeTarget "6DayTests" */ = {
			isa = XCConfigurationList;
			buildConfigurations = (
				1F1164771C58637D00215A54 /* Debug */,
				1F1164781C58637D00215A54 /* Release */,
			);
			defaultConfigurationIsVisible = 0;
		};
		1F1164791C58637D00215A54 /* Build configuration list for PBXNativeTarget "6DayUITests" */ = {
			isa = XCConfigurationList;
			buildConfigurations = (
				1F11647A1C58637D00215A54 /* Debug */,
				1F11647B1C58637D00215A54 /* Release */,
			);
			defaultConfigurationIsVisible = 0;
		};
/* End XCConfigurationList section */
	};
	rootObject = 1F1164431C58637C00215A54 /* Project object */;
}
